{
  "name": "practice-4",
  "version": "1.0.0",
  "lockfileVersion": 3,
  "requires": true,
  "packages": {
    "": {
      "name": "practice-4",
      "version": "1.0.0",
      "license": "ISC",
      "dependencies": {
        "@metaplex-foundation/mpl-token-metadata": "^3.2.1"
      }
    },
    "node_modules/@metaplex-foundation/mpl-token-metadata": {
      "version": "3.2.1",
      "resolved": "https://registry.npmjs.org/@metaplex-foundation/mpl-token-metadata/-/mpl-token-metadata-3.2.1.tgz",
      "integrity": "sha512-26W1NhQwDWmLOg/pBRYut7x/vEs/5kFS2sWVEY5/X0f2jJOLhnd4NaZQcq+5u+XZsXvm1jq2AtrRGPNK43oqWQ==",
      "license": "Apache-2.0",
      "dependencies": {
        "@metaplex-foundation/mpl-toolbox": "^0.9.4"
      },
      "peerDependencies": {
        "@metaplex-foundation/umi": ">= 0.8.2 < 1"
      }
    },
    "node_modules/@metaplex-foundation/mpl-toolbox": {
      "version": "0.9.4",
      "resolved": "https://registry.npmjs.org/@metaplex-foundation/mpl-toolbox/-/mpl-toolbox-0.9.4.tgz",
      "integrity": "sha512-fd6JxfoLbj/MM8FG2x91KYVy1U6AjBQw4qjt7+Da3trzQaWnSaYHDcYRG/53xqfvZ9qofY1T2t53GXPlD87lnQ==",
      "license": "Apache-2.0",
      "peerDependencies": {
        "@metaplex-foundation/umi": ">= 0.8.2 < 1"
      }
    },
    "node_modules/@metaplex-foundation/umi": {
      "version": "0.9.2",
      "resolved": "https://registry.npmjs.org/@metaplex-foundation/umi/-/umi-0.9.2.tgz",
      "integrity": "sha512-9i4Acm4pruQfJcpRrc2EauPBwkfDN0I9QTvJyZocIlKgoZwD6A6wH0PViH1AjOVG5CQCd1YI3tJd5XjYE1ElBw==",
      "license": "MIT",
      "peer": true,
      "dependencies": {
        "@metaplex-foundation/umi-options": "^0.8.9",
        "@metaplex-foundation/umi-public-keys": "^0.8.9",
        "@metaplex-foundation/umi-serializers": "^0.9.0"
      }
    },
    "node_modules/@metaplex-foundation/umi-options": {
      "version": "0.8.9",
      "resolved": "https://registry.npmjs.org/@metaplex-foundation/umi-options/-/umi-options-0.8.9.tgz",
      "integrity": "sha512-jSQ61sZMPSAk/TXn8v8fPqtz3x8d0/blVZXLLbpVbo2/T5XobiI6/MfmlUosAjAUaQl6bHRF8aIIqZEFkJiy4A==",
      "license": "MIT",
      "peer": true
    },
    "node_modules/@metaplex-foundation/umi-public-keys": {
      "version": "0.8.9",
      "resolved": "https://registry.npmjs.org/@metaplex-foundation/umi-public-keys/-/umi-public-keys-0.8.9.tgz",
      "integrity": "sha512-CxMzN7dgVGOq9OcNCJe2casKUpJ3RmTVoOvDFyeoTQuK+vkZ1YSSahbqC1iGuHEtKTLSjtWjKvUU6O7zWFTw3Q==",
      "license": "MIT",
      "peer": true,
      "dependencies": {
        "@metaplex-foundation/umi-serializers-encodings": "^0.8.9"
      }
    },
    "node_modules/@metaplex-foundation/umi-serializers": {
      "version": "0.9.0",
      "resolved": "https://registry.npmjs.org/@metaplex-foundation/umi-serializers/-/umi-serializers-0.9.0.tgz",
      "integrity": "sha512-hAOW9Djl4w4ioKeR4erDZl5IG4iJdP0xA19ZomdaCbMhYAAmG/FEs5khh0uT2mq53/MnzWcXSUPoO8WBN4Q+Vg==",
      "license": "MIT",
      "peer": true,
      "dependencies": {
        "@metaplex-foundation/umi-options": "^0.8.9",
        "@metaplex-foundation/umi-public-keys": "^0.8.9",
        "@metaplex-foundation/umi-serializers-core": "^0.8.9",
        "@metaplex-foundation/umi-serializers-encodings": "^0.8.9",
        "@metaplex-foundation/umi-serializers-numbers": "^0.8.9"
      }
    },
    "node_modules/@metaplex-foundation/umi-serializers-core": {
      "version": "0.8.9",
      "resolved": "https://registry.npmjs.org/@metaplex-foundation/umi-serializers-core/-/umi-serializers-core-0.8.9.tgz",
      "integrity": "sha512-WT82tkiYJ0Qmscp7uTj1Hz6aWQPETwaKLAENAUN5DeWghkuBKtuxyBKVvEOuoXerJSdhiAk0e8DWA4cxcTTQ/w==",
      "license": "MIT",
      "peer": true
    },
    "node_modules/@metaplex-foundation/umi-serializers-encodings": {
      "version": "0.8.9",
      "resolved": "https://registry.npmjs.org/@metaplex-foundation/umi-serializers-encodings/-/umi-serializers-encodings-0.8.9.tgz",
      "integrity": "sha512-N3VWLDTJ0bzzMKcJDL08U3FaqRmwlN79FyE4BHj6bbAaJ9LEHjDQ9RJijZyWqTm0jE7I750fU7Ow5EZL38Xi6Q==",
      "license": "MIT",
      "peer": true,
      "dependencies": {
        "@metaplex-foundation/umi-serializers-core": "^0.8.9"
      }
    },
    "node_modules/@metaplex-foundation/umi-serializers-numbers": {
      "version": "0.8.9",
      "resolved": "https://registry.npmjs.org/@metaplex-foundation/umi-serializers-numbers/-/umi-serializers-numbers-0.8.9.tgz",
      "integrity": "sha512-NtBf1fnVNQJHFQjLFzRu2i9GGnigb9hOm/Gfrk628d0q0tRJB7BOM3bs5C61VAs7kJs4yd+pDNVAERJkknQ7Lg==",
      "license": "MIT",
      "peer": true,
      "dependencies": {
        "@metaplex-foundation/umi-serializers-core": "^0.8.9"
      }
    }
  }
}
